
Microsoft Visual Studio Solution File, Format Version 12.00
# Visual Studio Version 17
VisualStudioVersion = 17.10.35013.160
MinimumVisualStudioVersion = 10.0.40219.1
Project("{8BC9CEB8-8B4A-11D0-8D11-00A0C91BC942}") = "LABA11", "LABA11\LABA11.vcxproj", "{FDD12A19-C0FE-44CB-8501-1797826B4F30}"
EndProject
Global
	GlobalSection(SolutionConfigurationPlatforms) = preSolution
		Debug|x64 = Debug|x64
		Debug|x86 = Debug|x86
		Release|x64 = Release|x64
		Release|x86 = Release|x86
	EndGlobalSection
	GlobalSection(ProjectConfigurationPlatforms) = postSolution
		{FDD12A19-C0FE-44CB-8501-1797826B4F30}.Debug|x64.ActiveCfg = Debug|x64
		{FDD12A19-C0FE-44CB-8501-1797826B4F30}.Debug|x64.Build.0 = Debug|x64
		{FDD12A19-C0FE-44CB-8501-1797826B4F30}.Debug|x86.ActiveCfg = Debug|Win32
		{FDD12A19-C0FE-44CB-8501-1797826B4F30}.Debug|x86.Build.0 = Debug|Win32
		{FDD12A19-C0FE-44CB-8501-1797826B4F30}.Release|x64.ActiveCfg = Release|x64
		{FDD12A19-C0FE-44CB-8501-1797826B4F30}.Release|x64.Build.0 = Release|x64
		{FDD12A19-C0FE-44CB-8501-1797826B4F30}.Release|x86.ActiveCfg = Release|Win32
		{FDD12A19-C0FE-44CB-8501-1797826B4F30}.Release|x86.Build.0 = Release|Win32
	EndGlobalSection
	GlobalSection(SolutionProperties) = preSolution
		HideSolutionNode = FALSE
	EndGlobalSection
	GlobalSection(ExtensibilityGlobals) = postSolution
		SolutionGuid = {49224BD7-23B2-4243-B800-C5521293D71F}
	EndGlobalSection
EndGlobal
