
Microsoft Visual Studio Solution File, Format Version 12.00
# Visual Studio Version 17
VisualStudioVersion = 17.10.35013.160
MinimumVisualStudioVersion = 10.0.40219.1
Project("{8BC9CEB8-8B4A-11D0-8D11-00A0C91BC942}") = "LABA10", "LABA10\LABA10.vcxproj", "{7D8819FF-099D-4AD7-9DEF-3683D19E1B69}"
EndProject
Global
	GlobalSection(SolutionConfigurationPlatforms) = preSolution
		Debug|x64 = Debug|x64
		Debug|x86 = Debug|x86
		Release|x64 = Release|x64
		Release|x86 = Release|x86
	EndGlobalSection
	GlobalSection(ProjectConfigurationPlatforms) = postSolution
		{7D8819FF-099D-4AD7-9DEF-3683D19E1B69}.Debug|x64.ActiveCfg = Debug|x64
		{7D8819FF-099D-4AD7-9DEF-3683D19E1B69}.Debug|x64.Build.0 = Debug|x64
		{7D8819FF-099D-4AD7-9DEF-3683D19E1B69}.Debug|x86.ActiveCfg = Debug|Win32
		{7D8819FF-099D-4AD7-9DEF-3683D19E1B69}.Debug|x86.Build.0 = Debug|Win32
		{7D8819FF-099D-4AD7-9DEF-3683D19E1B69}.Release|x64.ActiveCfg = Release|x64
		{7D8819FF-099D-4AD7-9DEF-3683D19E1B69}.Release|x64.Build.0 = Release|x64
		{7D8819FF-099D-4AD7-9DEF-3683D19E1B69}.Release|x86.ActiveCfg = Release|Win32
		{7D8819FF-099D-4AD7-9DEF-3683D19E1B69}.Release|x86.Build.0 = Release|Win32
	EndGlobalSection
	GlobalSection(SolutionProperties) = preSolution
		HideSolutionNode = FALSE
	EndGlobalSection
	GlobalSection(ExtensibilityGlobals) = postSolution
		SolutionGuid = {A644A97B-2844-414E-9DE9-57B70E82181B}
	EndGlobalSection
EndGlobal
